
Microsoft Visual Studio Solution File, Format Version 12.00
# Visual Studio Version 16
VisualStudioVersion = 16.0.29920.165
MinimumVisualStudioVersion = 10.0.40219.1
Project("{9A19103F-16F7-4668-BE54-9A1E7A4F7556}") = "Producer", "Producer\Producer.csproj", "{84A88D2E-4D29-46A8-9339-9B3513F587C4}"
EndProject
Project("{FAE04EC0-301F-11D3-BF4B-00C04F79EFBC}") = "Consumer", "Consumer\Consumer.csproj", "{68675C4A-66EC-4DB2-9239-77E0AC468E66}"
EndProject
Global
	GlobalSection(SolutionConfigurationPlatforms) = preSolution
		Debug|Any CPU = Debug|Any CPU
		Release|Any CPU = Release|Any CPU
	EndGlobalSection
	GlobalSection(ProjectConfigurationPlatforms) = postSolution
		{84A88D2E-4D29-46A8-9339-9B3513F587C4}.Debug|Any CPU.ActiveCfg = Debug|Any CPU
		{84A88D2E-4D29-46A8-9339-9B3513F587C4}.Debug|Any CPU.Build.0 = Debug|Any CPU
		{84A88D2E-4D29-46A8-9339-9B3513F587C4}.Release|Any CPU.ActiveCfg = Release|Any CPU
		{84A88D2E-4D29-46A8-9339-9B3513F587C4}.Release|Any CPU.Build.0 = Release|Any CPU
		{68675C4A-66EC-4DB2-9239-77E0AC468E66}.Debug|Any CPU.ActiveCfg = Debug|Any CPU
		{68675C4A-66EC-4DB2-9239-77E0AC468E66}.Debug|Any CPU.Build.0 = Debug|Any CPU
		{68675C4A-66EC-4DB2-9239-77E0AC468E66}.Release|Any CPU.ActiveCfg = Release|Any CPU
		{68675C4A-66EC-4DB2-9239-77E0AC468E66}.Release|Any CPU.Build.0 = Release|Any CPU
	EndGlobalSection
	GlobalSection(SolutionProperties) = preSolution
		HideSolutionNode = FALSE
	EndGlobalSection
	GlobalSection(ExtensibilityGlobals) = postSolution
		SolutionGuid = {A5F6A385-18AF-4214-93D6-C52299053251}
	EndGlobalSection
EndGlobal
